
Microsoft Visual Studio Solution File, Format Version 12.00
# Visual Studio Version 17
VisualStudioVersion = 17.0.32014.148
MinimumVisualStudioVersion = 10.0.40219.1
Project("{FAE04EC0-301F-11D3-BF4B-00C04F79EFBC}") = "BookPublisher", "BookPublisher\BookPublisher.csproj", "{5B080E81-23DC-451A-A982-9692CB81FD87}"
EndProject
Global
	GlobalSection(SolutionConfigurationPlatforms) = preSolution
		Debug|Any CPU = Debug|Any CPU
		Release|Any CPU = Release|Any CPU
	EndGlobalSection
	GlobalSection(ProjectConfigurationPlatforms) = postSolution
		{5B080E81-23DC-451A-A982-9692CB81FD87}.Debug|Any CPU.ActiveCfg = Debug|Any CPU
		{5B080E81-23DC-451A-A982-9692CB81FD87}.Debug|Any CPU.Build.0 = Debug|Any CPU
		{5B080E81-23DC-451A-A982-9692CB81FD87}.Release|Any CPU.ActiveCfg = Release|Any CPU
		{5B080E81-23DC-451A-A982-9692CB81FD87}.Release|Any CPU.Build.0 = Release|Any CPU
	EndGlobalSection
	GlobalSection(SolutionProperties) = preSolution
		HideSolutionNode = FALSE
	EndGlobalSection
	GlobalSection(ExtensibilityGlobals) = postSolution
		SolutionGuid = {5F898DF8-D027-486C-A735-C3D9FB3B36A4}
	EndGlobalSection
EndGlobal
